
Microsoft Visual Studio Solution File, Format Version 12.00
# Visual Studio 15
Project("{FAE04EC0-301F-11D3-BF4B-00C04F79EFBC}") = "UnityEngine.TestRunner", "UnityEngine.TestRunner.csproj", "{9306C413-9FA2-32A9-DEF5-25AE585801DE}"
EndProject
Project("{FAE04EC0-301F-11D3-BF4B-00C04F79EFBC}") = "UnityEngine.UI", "UnityEngine.UI.csproj", "{42519F85-5D20-A34A-8543-6E285D87A1BC}"
EndProject
Project("{FAE04EC0-301F-11D3-BF4B-00C04F79EFBC}") = "Unity.VisualScripting.Flow", "Unity.VisualScripting.Flow.csproj", "{BBEE4942-7A1E-556A-5DA9-3E836FCD0093}"
EndProject
Project("{FAE04EC0-301F-11D3-BF4B-00C04F79EFBC}") = "Unity.Mathematics", "Unity.Mathematics.csproj", "{A2AD72D0-DC0E-C0B5-B596-893C47980A6B}"
EndProject
Project("{FAE04EC0-301F-11D3-BF4B-00C04F79EFBC}") = "Unity.Services.Core.Telemetry", "Unity.Services.Core.Telemetry.csproj", "{80506D56-47E1-ED2F-8EDD-92BB4FBE16D0}"
EndProject
Project("{FAE04EC0-301F-11D3-BF4B-00C04F79EFBC}") = "Unity.VisualScripting.State", "Unity.VisualScripting.State.csproj", "{AF9DFE20-A886-5DA3-B60C-2A8635C9BAA0}"
EndProject
Project("{FAE04EC0-301F-11D3-BF4B-00C04F79EFBC}") = "Unity.VisualScripting.Core", "Unity.VisualScripting.Core.csproj", "{52F781EF-14D1-F359-EB63-7A42781F4B51}"
EndProject
Project("{FAE04EC0-301F-11D3-BF4B-00C04F79EFBC}") = "Unity.Services.Core.Environments.Internal", "Unity.Services.Core.Environments.Internal.csproj", "{B4E64895-16F3-1444-81DC-859FB75521B9}"
EndProject
Project("{FAE04EC0-301F-11D3-BF4B-00C04F79EFBC}") = "Unity.Burst", "Unity.Burst.csproj", "{CC4026F0-9E99-D999-80CC-9CB18D618FF7}"
EndProject
Project("{FAE04EC0-301F-11D3-BF4B-00C04F79EFBC}") = "Unity.2D.Animation.Runtime", "Unity.2D.Animation.Runtime.csproj", "{5806DEF4-AAE0-BDFC-7985-A919C85DE896}"
EndProject
Project("{FAE04EC0-301F-11D3-BF4B-00C04F79EFBC}") = "Unity.TextMeshPro", "Unity.TextMeshPro.csproj", "{89EB0821-2DEF-8521-7516-C8C895EEE01E}"
EndProject
Project("{FAE04EC0-301F-11D3-BF4B-00C04F79EFBC}") = "Assembly-CSharp", "Assembly-CSharp.csproj", "{1EE5F820-962F-F8C1-C66D-E03FB704570D}"
EndProject
Project("{FAE04EC0-301F-11D3-BF4B-00C04F79EFBC}") = "Unity.Timeline", "Unity.Timeline.csproj", "{B5860ABF-A6F3-98F5-29B4-2F1980CE8970}"
EndProject
Project("{FAE04EC0-301F-11D3-BF4B-00C04F79EFBC}") = "Unity.Services.Core", "Unity.Services.Core.csproj", "{F2025C91-3F93-9A34-C0C9-1DE8F09F2B24}"
EndProject
Project("{FAE04EC0-301F-11D3-BF4B-00C04F79EFBC}") = "Unity.Services.Core.Environments", "Unity.Services.Core.Environments.csproj", "{BA5EF725-EB97-127A-0F16-C87B8AB33E20}"
EndProject
Project("{FAE04EC0-301F-11D3-BF4B-00C04F79EFBC}") = "Unity.Services.Core.Internal", "Unity.Services.Core.Internal.csproj", "{EF5788C3-8C0F-AC7F-E0AA-FA068A96074F}"
EndProject
Project("{FAE04EC0-301F-11D3-BF4B-00C04F79EFBC}") = "Unity.Services.Core.Analytics", "Unity.Services.Core.Analytics.csproj", "{6856DEEB-AC82-E1BD-FF62-EF2DE1DFF3C6}"
EndProject
Project("{FAE04EC0-301F-11D3-BF4B-00C04F79EFBC}") = "Unity.2D.SpriteShape.Runtime", "Unity.2D.SpriteShape.Runtime.csproj", "{AB75D51E-10CD-F8FD-60BC-787BCD5ABAFE}"
EndProject
Project("{FAE04EC0-301F-11D3-BF4B-00C04F79EFBC}") = "Unity.Services.Core.Scheduler", "Unity.Services.Core.Scheduler.csproj", "{535781DC-AFC9-5C21-42DA-AD6D5D1CD839}"
EndProject
Project("{FAE04EC0-301F-11D3-BF4B-00C04F79EFBC}") = "Unity.Services.Core.Registration", "Unity.Services.Core.Registration.csproj", "{E259861B-44EF-7040-6901-2F2F05C3D570}"
EndProject
Project("{FAE04EC0-301F-11D3-BF4B-00C04F79EFBC}") = "Unity.2D.PixelPerfect", "Unity.2D.PixelPerfect.csproj", "{72AC7DA9-3771-13E7-CA9F-FD50362FC065}"
EndProject
Project("{FAE04EC0-301F-11D3-BF4B-00C04F79EFBC}") = "Unity.2D.Common.Runtime", "Unity.2D.Common.Runtime.csproj", "{546EE6D4-81E8-83E9-66C0-680739CFD937}"
EndProject
Project("{FAE04EC0-301F-11D3-BF4B-00C04F79EFBC}") = "Unity.2D.IK.Runtime", "Unity.2D.IK.Runtime.csproj", "{F4C79A4D-2737-EBA6-8DBF-5ADDA4D00DE2}"
EndProject
Project("{FAE04EC0-301F-11D3-BF4B-00C04F79EFBC}") = "Unity.Services.Core.Device", "Unity.Services.Core.Device.csproj", "{FE4377BE-06F5-9FF5-1F25-876D86AB476E}"
EndProject
Project("{FAE04EC0-301F-11D3-BF4B-00C04F79EFBC}") = "Unity.Services.Core.Threading", "Unity.Services.Core.Threading.csproj", "{4647B88C-37B6-D8F7-6CC2-1016EA361852}"
EndProject
Project("{FAE04EC0-301F-11D3-BF4B-00C04F79EFBC}") = "Unity.2D.Tilemap.Extras", "Unity.2D.Tilemap.Extras.csproj", "{820EE6CA-ECFD-5099-6E27-325C66D6CE5F}"
EndProject
Project("{FAE04EC0-301F-11D3-BF4B-00C04F79EFBC}") = "Unity.Services.Core.Networking", "Unity.Services.Core.Networking.csproj", "{19CA75D1-E23A-5C40-AAD2-484233C51AA9}"
EndProject
Project("{FAE04EC0-301F-11D3-BF4B-00C04F79EFBC}") = "Unity.InternalAPIEngineBridge.001", "Unity.InternalAPIEngineBridge.001.csproj", "{FB3D6026-595A-90F7-6FEE-4D29070B6191}"
EndProject
Project("{FAE04EC0-301F-11D3-BF4B-00C04F79EFBC}") = "Unity.Services.Core.Configuration", "Unity.Services.Core.Configuration.csproj", "{691681F5-C014-6D86-C1FC-3C43166E7200}"
EndProject
Project("{FAE04EC0-301F-11D3-BF4B-00C04F79EFBC}") = "Unity.PlasticSCM.Editor", "Unity.PlasticSCM.Editor.csproj", "{BC333B3E-2A15-498A-DA80-4E8A842449C3}"
EndProject
Project("{FAE04EC0-301F-11D3-BF4B-00C04F79EFBC}") = "Unity.VisualScripting.Core.Editor", "Unity.VisualScripting.Core.Editor.csproj", "{6CAEF9F1-5BEC-8C86-C7BA-76CD90B348E1}"
EndProject
Project("{FAE04EC0-301F-11D3-BF4B-00C04F79EFBC}") = "Unity.VisualScripting.Flow.Editor", "Unity.VisualScripting.Flow.Editor.csproj", "{22460A07-6FAD-2147-CA77-0CC08E12E1E1}"
EndProject
Project("{FAE04EC0-301F-11D3-BF4B-00C04F79EFBC}") = "Unity.VisualStudio.Editor", "Unity.VisualStudio.Editor.csproj", "{3BC94B62-F326-1C46-B2C8-6BF8DB1B3724}"
EndProject
Project("{FAE04EC0-301F-11D3-BF4B-00C04F79EFBC}") = "Unity.Timeline.Editor", "Unity.Timeline.Editor.csproj", "{27F9D6A3-F8A6-1CCE-3FFD-863079A32FF9}"
EndProject
Project("{FAE04EC0-301F-11D3-BF4B-00C04F79EFBC}") = "Unity.VisualScripting.State.Editor", "Unity.VisualScripting.State.Editor.csproj", "{0A5C591F-145A-F921-F55C-97D8BDD4D9D0}"
EndProject
Project("{FAE04EC0-301F-11D3-BF4B-00C04F79EFBC}") = "Unity.TextMeshPro.Editor", "Unity.TextMeshPro.Editor.csproj", "{4A6C9CE2-478E-E342-0F9C-C13C5F16FE70}"
EndProject
Project("{FAE04EC0-301F-11D3-BF4B-00C04F79EFBC}") = "Unity.2D.PixelPerfect.Editor", "Unity.2D.PixelPerfect.Editor.csproj", "{7304BEAA-153B-CDB8-92B6-FC0C4467DC37}"
EndProject
Project("{FAE04EC0-301F-11D3-BF4B-00C04F79EFBC}") = "Unity.2D.Animation.Editor", "Unity.2D.Animation.Editor.csproj", "{1D671403-CCB7-F8B2-5DC7-CF839C8F3E34}"
EndProject
Project("{FAE04EC0-301F-11D3-BF4B-00C04F79EFBC}") = "Unity.VisualScripting.SettingsProvider.Editor", "Unity.VisualScripting.SettingsProvider.Editor.csproj", "{A05DC668-D8C5-2A18-5C1D-7071ACB50F90}"
EndProject
Project("{FAE04EC0-301F-11D3-BF4B-00C04F79EFBC}") = "Unity.CollabProxy.Editor", "Unity.CollabProxy.Editor.csproj", "{6D9E024F-DB49-2D75-79E4-6F7F3F6C3550}"
EndProject
Project("{FAE04EC0-301F-11D3-BF4B-00C04F79EFBC}") = "Unity.2D.Psdimporter.Editor", "Unity.2D.Psdimporter.Editor.csproj", "{69D7C09E-264F-AD57-0DEA-E7724E25DCBA}"
EndProject
Project("{FAE04EC0-301F-11D3-BF4B-00C04F79EFBC}") = "UnityEditor.TestRunner", "UnityEditor.TestRunner.csproj", "{2A40C0BD-918B-1642-76E6-2AB3813E0EA9}"
EndProject
Project("{FAE04EC0-301F-11D3-BF4B-00C04F79EFBC}") = "Unity.2D.Tilemap.Editor", "Unity.2D.Tilemap.Editor.csproj", "{3C04502C-D36B-6608-5B73-0E51DA43871A}"
EndProject
Project("{FAE04EC0-301F-11D3-BF4B-00C04F79EFBC}") = "Unity.Services.Core.Editor", "Unity.Services.Core.Editor.csproj", "{BF14B31C-E399-0A2B-C764-8086B354AACC}"
EndProject
Project("{FAE04EC0-301F-11D3-BF4B-00C04F79EFBC}") = "Unity.Rider.Editor", "Unity.Rider.Editor.csproj", "{54B3F21E-D82B-B515-FEFD-D558412E3745}"
EndProject
Project("{FAE04EC0-301F-11D3-BF4B-00C04F79EFBC}") = "Unity.2D.Path.Editor", "Unity.2D.Path.Editor.csproj", "{F83D3861-5DE4-5E09-82DF-AF361B2A2281}"
EndProject
Project("{FAE04EC0-301F-11D3-BF4B-00C04F79EFBC}") = "PsdPlugin", "PsdPlugin.csproj", "{AE277E29-C791-825C-EAE9-98F9AACB9863}"
EndProject
Project("{FAE04EC0-301F-11D3-BF4B-00C04F79EFBC}") = "Unity.2D.IK.Editor", "Unity.2D.IK.Editor.csproj", "{5697B7BC-AD8B-7C76-24A4-017D6D4A87BB}"
EndProject
Project("{FAE04EC0-301F-11D3-BF4B-00C04F79EFBC}") = "Unity.2D.SpriteShape.Editor", "Unity.2D.SpriteShape.Editor.csproj", "{2B1E3346-E709-703F-E55A-D1425AAFC4AB}"
EndProject
Project("{FAE04EC0-301F-11D3-BF4B-00C04F79EFBC}") = "Unity.Burst.CodeGen", "Unity.Burst.CodeGen.csproj", "{67019628-D719-D4B4-AB9C-629551F31A49}"
EndProject
Project("{FAE04EC0-301F-11D3-BF4B-00C04F79EFBC}") = "Unity.VSCode.Editor", "Unity.VSCode.Editor.csproj", "{C867BCCE-8ACC-36DF-2DF2-E3C1095D4300}"
EndProject
Project("{FAE04EC0-301F-11D3-BF4B-00C04F79EFBC}") = "Unity.2D.Sprite.Editor", "Unity.2D.Sprite.Editor.csproj", "{1788EC26-C6B1-05BA-77AB-8D1F76897949}"
EndProject
Project("{FAE04EC0-301F-11D3-BF4B-00C04F79EFBC}") = "UnityEditor.UI", "UnityEditor.UI.csproj", "{BD6A1341-6A88-94C4-A1AB-0036E25F9A79}"
EndProject
Project("{FAE04EC0-301F-11D3-BF4B-00C04F79EFBC}") = "Unity.2D.Common.Editor", "Unity.2D.Common.Editor.csproj", "{E8B44000-7A5A-8719-96A9-575E537E241D}"
EndProject
Project("{FAE04EC0-301F-11D3-BF4B-00C04F79EFBC}") = "Unity.Mathematics.Editor", "Unity.Mathematics.Editor.csproj", "{3DB2FEF9-647B-0D8F-88B6-DECF5610D307}"
EndProject
Project("{FAE04EC0-301F-11D3-BF4B-00C04F79EFBC}") = "Unity.Services.Core.Configuration.Editor", "Unity.Services.Core.Configuration.Editor.csproj", "{4AD6FF3E-EF37-3A05-1B9A-352D2DBA2684}"
EndProject
Project("{FAE04EC0-301F-11D3-BF4B-00C04F79EFBC}") = "Unity.2D.Tilemap.Extras.Editor", "Unity.2D.Tilemap.Extras.Editor.csproj", "{DF2B5207-4C61-15F8-C5EC-F1147B100B2E}"
EndProject
Project("{FAE04EC0-301F-11D3-BF4B-00C04F79EFBC}") = "Unity.Burst.Editor", "Unity.Burst.Editor.csproj", "{B8D78157-7F47-8D28-35F0-301CB13BF9B2}"
EndProject
Project("{FAE04EC0-301F-11D3-BF4B-00C04F79EFBC}") = "Unity.InternalAPIEditorBridge.001", "Unity.InternalAPIEditorBridge.001.csproj", "{CDE80AD8-984B-6595-B457-554B1963051E}"
EndProject
Project("{FAE04EC0-301F-11D3-BF4B-00C04F79EFBC}") = "Unity.VisualScripting.Shared.Editor", "Unity.VisualScripting.Shared.Editor.csproj", "{2B93A099-EE5E-B7FB-7F9D-EE33E5DC4598}"
EndProject
Project("{FAE04EC0-301F-11D3-BF4B-00C04F79EFBC}") = "UnityEngine.TestRunner", "UnityEngine.TestRunner.Player.csproj", "{5E553BFE-BA9A-B234-A795-0313C5D0B729}"
EndProject
Project("{FAE04EC0-301F-11D3-BF4B-00C04F79EFBC}") = "UnityEngine.UI", "UnityEngine.UI.Player.csproj", "{1B288A77-CCBA-78D4-B119-3D181B27189E}"
EndProject
Project("{FAE04EC0-301F-11D3-BF4B-00C04F79EFBC}") = "Unity.VisualScripting.Flow", "Unity.VisualScripting.Flow.Player.csproj", "{86AC9585-6702-6A39-9EA0-9D208049C88C}"
EndProject
Project("{FAE04EC0-301F-11D3-BF4B-00C04F79EFBC}") = "Unity.Mathematics", "Unity.Mathematics.Player.csproj", "{4CAD35A7-D9CA-E4F0-7BF7-25CF284159AF}"
EndProject
Project("{FAE04EC0-301F-11D3-BF4B-00C04F79EFBC}") = "Unity.Services.Core.Telemetry", "Unity.Services.Core.Telemetry.Player.csproj", "{F8817DD0-93A9-E6A7-1EA9-9A973C60D438}"
EndProject
Project("{FAE04EC0-301F-11D3-BF4B-00C04F79EFBC}") = "Unity.VisualScripting.State", "Unity.VisualScripting.State.Player.csproj", "{737AC937-2607-CD63-CBDB-BA504F6122F9}"
EndProject
Project("{FAE04EC0-301F-11D3-BF4B-00C04F79EFBC}") = "Unity.VisualScripting.Core", "Unity.VisualScripting.Core.Player.csproj", "{8C34BA9C-77A9-034D-A23A-F303D8DC99B9}"
EndProject
Project("{FAE04EC0-301F-11D3-BF4B-00C04F79EFBC}") = "Unity.Services.Core.Environments.Internal", "Unity.Services.Core.Environments.Internal.Player.csproj", "{3DDFACDB-992B-53FC-6CFD-CC2F49AEDDAE}"
EndProject
Project("{FAE04EC0-301F-11D3-BF4B-00C04F79EFBC}") = "Unity.Burst", "Unity.Burst.Player.csproj", "{1BD5DE80-6466-2F79-86AA-76BDF514FD51}"
EndProject
Project("{FAE04EC0-301F-11D3-BF4B-00C04F79EFBC}") = "Unity.2D.Animation.Runtime", "Unity.2D.Animation.Runtime.Player.csproj", "{764091F0-19B8-8D13-EACF-787DA387FEAD}"
EndProject
Project("{FAE04EC0-301F-11D3-BF4B-00C04F79EFBC}") = "Unity.TextMeshPro", "Unity.TextMeshPro.Player.csproj", "{59348FD9-6774-3CEF-677D-60473FDC5131}"
EndProject
Project("{FAE04EC0-301F-11D3-BF4B-00C04F79EFBC}") = "Assembly-CSharp", "Assembly-CSharp.Player.csproj", "{DAB4136E-687B-C9A9-B33E-7F7A8C98DA37}"
EndProject
Project("{FAE04EC0-301F-11D3-BF4B-00C04F79EFBC}") = "Unity.Timeline", "Unity.Timeline.Player.csproj", "{E667837C-9D3D-8FD0-E3F8-A51B57083914}"
EndProject
Project("{FAE04EC0-301F-11D3-BF4B-00C04F79EFBC}") = "Unity.Services.Core", "Unity.Services.Core.Player.csproj", "{B3A6A9BE-4645-74D9-EE6A-59FD6CE2DE42}"
EndProject
Project("{FAE04EC0-301F-11D3-BF4B-00C04F79EFBC}") = "Unity.Services.Core.Environments", "Unity.Services.Core.Environments.Player.csproj", "{97B0E9B9-1CD0-FB51-12B9-2B3FA4023303}"
EndProject
Project("{FAE04EC0-301F-11D3-BF4B-00C04F79EFBC}") = "Unity.Services.Core.Internal", "Unity.Services.Core.Internal.Player.csproj", "{EB25F5FC-07A2-CF2D-B96A-85B31940DD13}"
EndProject
Project("{FAE04EC0-301F-11D3-BF4B-00C04F79EFBC}") = "Unity.Services.Core.Analytics", "Unity.Services.Core.Analytics.Player.csproj", "{58339EA4-6053-E581-90C0-075E44D98BFE}"
EndProject
Project("{FAE04EC0-301F-11D3-BF4B-00C04F79EFBC}") = "Unity.2D.SpriteShape.Runtime", "Unity.2D.SpriteShape.Runtime.Player.csproj", "{FB9F4B6C-B905-E267-77D5-A79C3DFB9246}"
EndProject
Project("{FAE04EC0-301F-11D3-BF4B-00C04F79EFBC}") = "Unity.Services.Core.Scheduler", "Unity.Services.Core.Scheduler.Player.csproj", "{AA2065F4-07F9-26F3-AA22-6356BED8EEBD}"
EndProject
Project("{FAE04EC0-301F-11D3-BF4B-00C04F79EFBC}") = "Unity.Services.Core.Registration", "Unity.Services.Core.Registration.Player.csproj", "{F7EAFA21-4407-03A6-CAF5-B4C8DEBCE2EA}"
EndProject
Project("{FAE04EC0-301F-11D3-BF4B-00C04F79EFBC}") = "Unity.2D.PixelPerfect", "Unity.2D.PixelPerfect.Player.csproj", "{48DBCC3B-44B3-090D-BDA9-DD2453C08C81}"
EndProject
Project("{FAE04EC0-301F-11D3-BF4B-00C04F79EFBC}") = "Unity.2D.Common.Runtime", "Unity.2D.Common.Runtime.Player.csproj", "{1FEA96C5-D8C1-7813-E2FD-E3381D27157B}"
EndProject
Project("{FAE04EC0-301F-11D3-BF4B-00C04F79EFBC}") = "Unity.2D.IK.Runtime", "Unity.2D.IK.Runtime.Player.csproj", "{E09EC463-677D-1C46-5D67-11F3E0B678FB}"
EndProject
Project("{FAE04EC0-301F-11D3-BF4B-00C04F79EFBC}") = "Unity.Services.Core.Device", "Unity.Services.Core.Device.Player.csproj", "{EC71CF1B-8D6C-99DA-E695-F76AE73EA4C5}"
EndProject
Project("{FAE04EC0-301F-11D3-BF4B-00C04F79EFBC}") = "Unity.Services.Core.Threading", "Unity.Services.Core.Threading.Player.csproj", "{14CDC68C-10A3-DC8B-E061-10486458EC89}"
EndProject
Project("{FAE04EC0-301F-11D3-BF4B-00C04F79EFBC}") = "Unity.2D.Tilemap.Extras", "Unity.2D.Tilemap.Extras.Player.csproj", "{5AC450DE-8BFC-D59A-BA1E-0F792FE25D95}"
EndProject
Project("{FAE04EC0-301F-11D3-BF4B-00C04F79EFBC}") = "Unity.Services.Core.Networking", "Unity.Services.Core.Networking.Player.csproj", "{B6BD9D53-3E5D-4AFE-AB6E-BE5C1AE1404F}"
EndProject
Project("{FAE04EC0-301F-11D3-BF4B-00C04F79EFBC}") = "Unity.InternalAPIEngineBridge.001", "Unity.InternalAPIEngineBridge.001.Player.csproj", "{8CA45CD7-6D82-DABF-C831-062F4BF336C6}"
EndProject
Project("{FAE04EC0-301F-11D3-BF4B-00C04F79EFBC}") = "Unity.Services.Core.Configuration", "Unity.Services.Core.Configuration.Player.csproj", "{D15A6F1B-B49B-CEDA-6AD5-E9302392235A}"
EndProject
Global
	GlobalSection(SolutionConfigurationPlatforms) = preSolution
		Debug|Any CPU = Debug|Any CPU
		Release|Any CPU = Release|Any CPU
	EndGlobalSection
	GlobalSection(ProjectConfigurationPlatforms) = postSolution
		{9306C413-9FA2-32A9-DEF5-25AE585801DE}.Debug|Any CPU.ActiveCfg = Debug|Any CPU
		{9306C413-9FA2-32A9-DEF5-25AE585801DE}.Debug|Any CPU.Build.0 = Debug|Any CPU
		{9306C413-9FA2-32A9-DEF5-25AE585801DE}.Release|Any CPU.ActiveCfg = Release|Any CPU
		{9306C413-9FA2-32A9-DEF5-25AE585801DE}.Release|Any CPU.Build.0 = Release|Any CPU
		{42519F85-5D20-A34A-8543-6E285D87A1BC}.Debug|Any CPU.ActiveCfg = Debug|Any CPU
		{42519F85-5D20-A34A-8543-6E285D87A1BC}.Debug|Any CPU.Build.0 = Debug|Any CPU
		{42519F85-5D20-A34A-8543-6E285D87A1BC}.Release|Any CPU.ActiveCfg = Release|Any CPU
		{42519F85-5D20-A34A-8543-6E285D87A1BC}.Release|Any CPU.Build.0 = Release|Any CPU
		{BBEE4942-7A1E-556A-5DA9-3E836FCD0093}.Debug|Any CPU.ActiveCfg = Debug|Any CPU
		{BBEE4942-7A1E-556A-5DA9-3E836FCD0093}.Debug|Any CPU.Build.0 = Debug|Any CPU
		{BBEE4942-7A1E-556A-5DA9-3E836FCD0093}.Release|Any CPU.ActiveCfg = Release|Any CPU
		{BBEE4942-7A1E-556A-5DA9-3E836FCD0093}.Release|Any CPU.Build.0 = Release|Any CPU
		{A2AD72D0-DC0E-C0B5-B596-893C47980A6B}.Debug|Any CPU.ActiveCfg = Debug|Any CPU
		{A2AD72D0-DC0E-C0B5-B596-893C47980A6B}.Debug|Any CPU.Build.0 = Debug|Any CPU
		{A2AD72D0-DC0E-C0B5-B596-893C47980A6B}.Release|Any CPU.ActiveCfg = Release|Any CPU
		{A2AD72D0-DC0E-C0B5-B596-893C47980A6B}.Release|Any CPU.Build.0 = Release|Any CPU
		{80506D56-47E1-ED2F-8EDD-92BB4FBE16D0}.Debug|Any CPU.ActiveCfg = Debug|Any CPU
		{80506D56-47E1-ED2F-8EDD-92BB4FBE16D0}.Debug|Any CPU.Build.0 = Debug|Any CPU
		{80506D56-47E1-ED2F-8EDD-92BB4FBE16D0}.Release|Any CPU.ActiveCfg = Release|Any CPU
		{80506D56-47E1-ED2F-8EDD-92BB4FBE16D0}.Release|Any CPU.Build.0 = Release|Any CPU
		{AF9DFE20-A886-5DA3-B60C-2A8635C9BAA0}.Debug|Any CPU.ActiveCfg = Debug|Any CPU
		{AF9DFE20-A886-5DA3-B60C-2A8635C9BAA0}.Debug|Any CPU.Build.0 = Debug|Any CPU
		{AF9DFE20-A886-5DA3-B60C-2A8635C9BAA0}.Release|Any CPU.ActiveCfg = Release|Any CPU
		{AF9DFE20-A886-5DA3-B60C-2A8635C9BAA0}.Release|Any CPU.Build.0 = Release|Any CPU
		{52F781EF-14D1-F359-EB63-7A42781F4B51}.Debug|Any CPU.ActiveCfg = Debug|Any CPU
		{52F781EF-14D1-F359-EB63-7A42781F4B51}.Debug|Any CPU.Build.0 = Debug|Any CPU
		{52F781EF-14D1-F359-EB63-7A42781F4B51}.Release|Any CPU.ActiveCfg = Release|Any CPU
		{52F781EF-14D1-F359-EB63-7A42781F4B51}.Release|Any CPU.Build.0 = Release|Any CPU
		{B4E64895-16F3-1444-81DC-859FB75521B9}.Debug|Any CPU.ActiveCfg = Debug|Any CPU
		{B4E64895-16F3-1444-81DC-859FB75521B9}.Debug|Any CPU.Build.0 = Debug|Any CPU
		{B4E64895-16F3-1444-81DC-859FB75521B9}.Release|Any CPU.ActiveCfg = Release|Any CPU
		{B4E64895-16F3-1444-81DC-859FB75521B9}.Release|Any CPU.Build.0 = Release|Any CPU
		{CC4026F0-9E99-D999-80CC-9CB18D618FF7}.Debug|Any CPU.ActiveCfg = Debug|Any CPU
		{CC4026F0-9E99-D999-80CC-9CB18D618FF7}.Debug|Any CPU.Build.0 = Debug|Any CPU
		{CC4026F0-9E99-D999-80CC-9CB18D618FF7}.Release|Any CPU.ActiveCfg = Release|Any CPU
		{CC4026F0-9E99-D999-80CC-9CB18D618FF7}.Release|Any CPU.Build.0 = Release|Any CPU
		{5806DEF4-AAE0-BDFC-7985-A919C85DE896}.Debug|Any CPU.ActiveCfg = Debug|Any CPU
		{5806DEF4-AAE0-BDFC-7985-A919C85DE896}.Debug|Any CPU.Build.0 = Debug|Any CPU
		{5806DEF4-AAE0-BDFC-7985-A919C85DE896}.Release|Any CPU.ActiveCfg = Release|Any CPU
		{5806DEF4-AAE0-BDFC-7985-A919C85DE896}.Release|Any CPU.Build.0 = Release|Any CPU
		{89EB0821-2DEF-8521-7516-C8C895EEE01E}.Debug|Any CPU.ActiveCfg = Debug|Any CPU
		{89EB0821-2DEF-8521-7516-C8C895EEE01E}.Debug|Any CPU.Build.0 = Debug|Any CPU
		{89EB0821-2DEF-8521-7516-C8C895EEE01E}.Release|Any CPU.ActiveCfg = Release|Any CPU
		{89EB0821-2DEF-8521-7516-C8C895EEE01E}.Release|Any CPU.Build.0 = Release|Any CPU
		{1EE5F820-962F-F8C1-C66D-E03FB704570D}.Debug|Any CPU.ActiveCfg = Debug|Any CPU
		{1EE5F820-962F-F8C1-C66D-E03FB704570D}.Debug|Any CPU.Build.0 = Debug|Any CPU
		{1EE5F820-962F-F8C1-C66D-E03FB704570D}.Release|Any CPU.ActiveCfg = Release|Any CPU
		{1EE5F820-962F-F8C1-C66D-E03FB704570D}.Release|Any CPU.Build.0 = Release|Any CPU
		{B5860ABF-A6F3-98F5-29B4-2F1980CE8970}.Debug|Any CPU.ActiveCfg = Debug|Any CPU
		{B5860ABF-A6F3-98F5-29B4-2F1980CE8970}.Debug|Any CPU.Build.0 = Debug|Any CPU
		{B5860ABF-A6F3-98F5-29B4-2F1980CE8970}.Release|Any CPU.ActiveCfg = Release|Any CPU
		{B5860ABF-A6F3-98F5-29B4-2F1980CE8970}.Release|Any CPU.Build.0 = Release|Any CPU
		{F2025C91-3F93-9A34-C0C9-1DE8F09F2B24}.Debug|Any CPU.ActiveCfg = Debug|Any CPU
		{F2025C91-3F93-9A34-C0C9-1DE8F09F2B24}.Debug|Any CPU.Build.0 = Debug|Any CPU
		{F2025C91-3F93-9A34-C0C9-1DE8F09F2B24}.Release|Any CPU.ActiveCfg = Release|Any CPU
		{F2025C91-3F93-9A34-C0C9-1DE8F09F2B24}.Release|Any CPU.Build.0 = Release|Any CPU
		{BA5EF725-EB97-127A-0F16-C87B8AB33E20}.Debug|Any CPU.ActiveCfg = Debug|Any CPU
		{BA5EF725-EB97-127A-0F16-C87B8AB33E20}.Debug|Any CPU.Build.0 = Debug|Any CPU
		{BA5EF725-EB97-127A-0F16-C87B8AB33E20}.Release|Any CPU.ActiveCfg = Release|Any CPU
		{BA5EF725-EB97-127A-0F16-C87B8AB33E20}.Release|Any CPU.Build.0 = Release|Any CPU
		{EF5788C3-8C0F-AC7F-E0AA-FA068A96074F}.Debug|Any CPU.ActiveCfg = Debug|Any CPU
		{EF5788C3-8C0F-AC7F-E0AA-FA068A96074F}.Debug|Any CPU.Build.0 = Debug|Any CPU
		{EF5788C3-8C0F-AC7F-E0AA-FA068A96074F}.Release|Any CPU.ActiveCfg = Release|Any CPU
		{EF5788C3-8C0F-AC7F-E0AA-FA068A96074F}.Release|Any CPU.Build.0 = Release|Any CPU
		{6856DEEB-AC82-E1BD-FF62-EF2DE1DFF3C6}.Debug|Any CPU.ActiveCfg = Debug|Any CPU
		{6856DEEB-AC82-E1BD-FF62-EF2DE1DFF3C6}.Debug|Any CPU.Build.0 = Debug|Any CPU
		{6856DEEB-AC82-E1BD-FF62-EF2DE1DFF3C6}.Release|Any CPU.ActiveCfg = Release|Any CPU
		{6856DEEB-AC82-E1BD-FF62-EF2DE1DFF3C6}.Release|Any CPU.Build.0 = Release|Any CPU
		{AB75D51E-10CD-F8FD-60BC-787BCD5ABAFE}.Debug|Any CPU.ActiveCfg = Debug|Any CPU
		{AB75D51E-10CD-F8FD-60BC-787BCD5ABAFE}.Debug|Any CPU.Build.0 = Debug|Any CPU
		{AB75D51E-10CD-F8FD-60BC-787BCD5ABAFE}.Release|Any CPU.ActiveCfg = Release|Any CPU
		{AB75D51E-10CD-F8FD-60BC-787BCD5ABAFE}.Release|Any CPU.Build.0 = Release|Any CPU
		{535781DC-AFC9-5C21-42DA-AD6D5D1CD839}.Debug|Any CPU.ActiveCfg = Debug|Any CPU
		{535781DC-AFC9-5C21-42DA-AD6D5D1CD839}.Debug|Any CPU.Build.0 = Debug|Any CPU
		{535781DC-AFC9-5C21-42DA-AD6D5D1CD839}.Release|Any CPU.ActiveCfg = Release|Any CPU
		{535781DC-AFC9-5C21-42DA-AD6D5D1CD839}.Release|Any CPU.Build.0 = Release|Any CPU
		{E259861B-44EF-7040-6901-2F2F05C3D570}.Debug|Any CPU.ActiveCfg = Debug|Any CPU
		{E259861B-44EF-7040-6901-2F2F05C3D570}.Debug|Any CPU.Build.0 = Debug|Any CPU
		{E259861B-44EF-7040-6901-2F2F05C3D570}.Release|Any CPU.ActiveCfg = Release|Any CPU
		{E259861B-44EF-7040-6901-2F2F05C3D570}.Release|Any CPU.Build.0 = Release|Any CPU
		{72AC7DA9-3771-13E7-CA9F-FD50362FC065}.Debug|Any CPU.ActiveCfg = Debug|Any CPU
		{72AC7DA9-3771-13E7-CA9F-FD50362FC065}.Debug|Any CPU.Build.0 = Debug|Any CPU
		{72AC7DA9-3771-13E7-CA9F-FD50362FC065}.Release|Any CPU.ActiveCfg = Release|Any CPU
		{72AC7DA9-3771-13E7-CA9F-FD50362FC065}.Release|Any CPU.Build.0 = Release|Any CPU
		{546EE6D4-81E8-83E9-66C0-680739CFD937}.Debug|Any CPU.ActiveCfg = Debug|Any CPU
		{546EE6D4-81E8-83E9-66C0-680739CFD937}.Debug|Any CPU.Build.0 = Debug|Any CPU
		{546EE6D4-81E8-83E9-66C0-680739CFD937}.Release|Any CPU.ActiveCfg = Release|Any CPU
		{546EE6D4-81E8-83E9-66C0-680739CFD937}.Release|Any CPU.Build.0 = Release|Any CPU
		{F4C79A4D-2737-EBA6-8DBF-5ADDA4D00DE2}.Debug|Any CPU.ActiveCfg = Debug|Any CPU
		{F4C79A4D-2737-EBA6-8DBF-5ADDA4D00DE2}.Debug|Any CPU.Build.0 = Debug|Any CPU
		{F4C79A4D-2737-EBA6-8DBF-5ADDA4D00DE2}.Release|Any CPU.ActiveCfg = Release|Any CPU
		{F4C79A4D-2737-EBA6-8DBF-5ADDA4D00DE2}.Release|Any CPU.Build.0 = Release|Any CPU
		{FE4377BE-06F5-9FF5-1F25-876D86AB476E}.Debug|Any CPU.ActiveCfg = Debug|Any CPU
		{FE4377BE-06F5-9FF5-1F25-876D86AB476E}.Debug|Any CPU.Build.0 = Debug|Any CPU
		{FE4377BE-06F5-9FF5-1F25-876D86AB476E}.Release|Any CPU.ActiveCfg = Release|Any CPU
		{FE4377BE-06F5-9FF5-1F25-876D86AB476E}.Release|Any CPU.Build.0 = Release|Any CPU
		{4647B88C-37B6-D8F7-6CC2-1016EA361852}.Debug|Any CPU.ActiveCfg = Debug|Any CPU
		{4647B88C-37B6-D8F7-6CC2-1016EA361852}.Debug|Any CPU.Build.0 = Debug|Any CPU
		{4647B88C-37B6-D8F7-6CC2-1016EA361852}.Release|Any CPU.ActiveCfg = Release|Any CPU
		{4647B88C-37B6-D8F7-6CC2-1016EA361852}.Release|Any CPU.Build.0 = Release|Any CPU
		{820EE6CA-ECFD-5099-6E27-325C66D6CE5F}.Debug|Any CPU.ActiveCfg = Debug|Any CPU
		{820EE6CA-ECFD-5099-6E27-325C66D6CE5F}.Debug|Any CPU.Build.0 = Debug|Any CPU
		{820EE6CA-ECFD-5099-6E27-325C66D6CE5F}.Release|Any CPU.ActiveCfg = Release|Any CPU
		{820EE6CA-ECFD-5099-6E27-325C66D6CE5F}.Release|Any CPU.Build.0 = Release|Any CPU
		{19CA75D1-E23A-5C40-AAD2-484233C51AA9}.Debug|Any CPU.ActiveCfg = Debug|Any CPU
		{19CA75D1-E23A-5C40-AAD2-484233C51AA9}.Debug|Any CPU.Build.0 = Debug|Any CPU
		{19CA75D1-E23A-5C40-AAD2-484233C51AA9}.Release|Any CPU.ActiveCfg = Release|Any CPU
		{19CA75D1-E23A-5C40-AAD2-484233C51AA9}.Release|Any CPU.Build.0 = Release|Any CPU
		{FB3D6026-595A-90F7-6FEE-4D29070B6191}.Debug|Any CPU.ActiveCfg = Debug|Any CPU
		{FB3D6026-595A-90F7-6FEE-4D29070B6191}.Debug|Any CPU.Build.0 = Debug|Any CPU
		{FB3D6026-595A-90F7-6FEE-4D29070B6191}.Release|Any CPU.ActiveCfg = Release|Any CPU
		{FB3D6026-595A-90F7-6FEE-4D29070B6191}.Release|Any CPU.Build.0 = Release|Any CPU
		{691681F5-C014-6D86-C1FC-3C43166E7200}.Debug|Any CPU.ActiveCfg = Debug|Any CPU
		{691681F5-C014-6D86-C1FC-3C43166E7200}.Debug|Any CPU.Build.0 = Debug|Any CPU
		{691681F5-C014-6D86-C1FC-3C43166E7200}.Release|Any CPU.ActiveCfg = Release|Any CPU
		{691681F5-C014-6D86-C1FC-3C43166E7200}.Release|Any CPU.Build.0 = Release|Any CPU
		{BC333B3E-2A15-498A-DA80-4E8A842449C3}.Debug|Any CPU.ActiveCfg = Debug|Any CPU
		{BC333B3E-2A15-498A-DA80-4E8A842449C3}.Debug|Any CPU.Build.0 = Debug|Any CPU
		{BC333B3E-2A15-498A-DA80-4E8A842449C3}.Release|Any CPU.ActiveCfg = Release|Any CPU
		{BC333B3E-2A15-498A-DA80-4E8A842449C3}.Release|Any CPU.Build.0 = Release|Any CPU
		{6CAEF9F1-5BEC-8C86-C7BA-76CD90B348E1}.Debug|Any CPU.ActiveCfg = Debug|Any CPU
		{6CAEF9F1-5BEC-8C86-C7BA-76CD90B348E1}.Debug|Any CPU.Build.0 = Debug|Any CPU
		{6CAEF9F1-5BEC-8C86-C7BA-76CD90B348E1}.Release|Any CPU.ActiveCfg = Release|Any CPU
		{6CAEF9F1-5BEC-8C86-C7BA-76CD90B348E1}.Release|Any CPU.Build.0 = Release|Any CPU
		{22460A07-6FAD-2147-CA77-0CC08E12E1E1}.Debug|Any CPU.ActiveCfg = Debug|Any CPU
		{22460A07-6FAD-2147-CA77-0CC08E12E1E1}.Debug|Any CPU.Build.0 = Debug|Any CPU
		{22460A07-6FAD-2147-CA77-0CC08E12E1E1}.Release|Any CPU.ActiveCfg = Release|Any CPU
		{22460A07-6FAD-2147-CA77-0CC08E12E1E1}.Release|Any CPU.Build.0 = Release|Any CPU
		{3BC94B62-F326-1C46-B2C8-6BF8DB1B3724}.Debug|Any CPU.ActiveCfg = Debug|Any CPU
		{3BC94B62-F326-1C46-B2C8-6BF8DB1B3724}.Debug|Any CPU.Build.0 = Debug|Any CPU
		{3BC94B62-F326-1C46-B2C8-6BF8DB1B3724}.Release|Any CPU.ActiveCfg = Release|Any CPU
		{3BC94B62-F326-1C46-B2C8-6BF8DB1B3724}.Release|Any CPU.Build.0 = Release|Any CPU
		{27F9D6A3-F8A6-1CCE-3FFD-863079A32FF9}.Debug|Any CPU.ActiveCfg = Debug|Any CPU
		{27F9D6A3-F8A6-1CCE-3FFD-863079A32FF9}.Debug|Any CPU.Build.0 = Debug|Any CPU
		{27F9D6A3-F8A6-1CCE-3FFD-863079A32FF9}.Release|Any CPU.ActiveCfg = Release|Any CPU
		{27F9D6A3-F8A6-1CCE-3FFD-863079A32FF9}.Release|Any CPU.Build.0 = Release|Any CPU
		{0A5C591F-145A-F921-F55C-97D8BDD4D9D0}.Debug|Any CPU.ActiveCfg = Debug|Any CPU
		{0A5C591F-145A-F921-F55C-97D8BDD4D9D0}.Debug|Any CPU.Build.0 = Debug|Any CPU
		{0A5C591F-145A-F921-F55C-97D8BDD4D9D0}.Release|Any CPU.ActiveCfg = Release|Any CPU
		{0A5C591F-145A-F921-F55C-97D8BDD4D9D0}.Release|Any CPU.Build.0 = Release|Any CPU
		{4A6C9CE2-478E-E342-0F9C-C13C5F16FE70}.Debug|Any CPU.ActiveCfg = Debug|Any CPU
		{4A6C9CE2-478E-E342-0F9C-C13C5F16FE70}.Debug|Any CPU.Build.0 = Debug|Any CPU
		{4A6C9CE2-478E-E342-0F9C-C13C5F16FE70}.Release|Any CPU.ActiveCfg = Release|Any CPU
		{4A6C9CE2-478E-E342-0F9C-C13C5F16FE70}.Release|Any CPU.Build.0 = Release|Any CPU
		{7304BEAA-153B-CDB8-92B6-FC0C4467DC37}.Debug|Any CPU.ActiveCfg = Debug|Any CPU
		{7304BEAA-153B-CDB8-92B6-FC0C4467DC37}.Debug|Any CPU.Build.0 = Debug|Any CPU
		{7304BEAA-153B-CDB8-92B6-FC0C4467DC37}.Release|Any CPU.ActiveCfg = Release|Any CPU
		{7304BEAA-153B-CDB8-92B6-FC0C4467DC37}.Release|Any CPU.Build.0 = Release|Any CPU
		{1D671403-CCB7-F8B2-5DC7-CF839C8F3E34}.Debug|Any CPU.ActiveCfg = Debug|Any CPU
		{1D671403-CCB7-F8B2-5DC7-CF839C8F3E34}.Debug|Any CPU.Build.0 = Debug|Any CPU
		{1D671403-CCB7-F8B2-5DC7-CF839C8F3E34}.Release|Any CPU.ActiveCfg = Release|Any CPU
		{1D671403-CCB7-F8B2-5DC7-CF839C8F3E34}.Release|Any CPU.Build.0 = Release|Any CPU
		{A05DC668-D8C5-2A18-5C1D-7071ACB50F90}.Debug|Any CPU.ActiveCfg = Debug|Any CPU
		{A05DC668-D8C5-2A18-5C1D-7071ACB50F90}.Debug|Any CPU.Build.0 = Debug|Any CPU
		{A05DC668-D8C5-2A18-5C1D-7071ACB50F90}.Release|Any CPU.ActiveCfg = Release|Any CPU
		{A05DC668-D8C5-2A18-5C1D-7071ACB50F90}.Release|Any CPU.Build.0 = Release|Any CPU
		{6D9E024F-DB49-2D75-79E4-6F7F3F6C3550}.Debug|Any CPU.ActiveCfg = Debug|Any CPU
		{6D9E024F-DB49-2D75-79E4-6F7F3F6C3550}.Debug|Any CPU.Build.0 = Debug|Any CPU
		{6D9E024F-DB49-2D75-79E4-6F7F3F6C3550}.Release|Any CPU.ActiveCfg = Release|Any CPU
		{6D9E024F-DB49-2D75-79E4-6F7F3F6C3550}.Release|Any CPU.Build.0 = Release|Any CPU
		{69D7C09E-264F-AD57-0DEA-E7724E25DCBA}.Debug|Any CPU.ActiveCfg = Debug|Any CPU
		{69D7C09E-264F-AD57-0DEA-E7724E25DCBA}.Debug|Any CPU.Build.0 = Debug|Any CPU
		{69D7C09E-264F-AD57-0DEA-E7724E25DCBA}.Release|Any CPU.ActiveCfg = Release|Any CPU
		{69D7C09E-264F-AD57-0DEA-E7724E25DCBA}.Release|Any CPU.Build.0 = Release|Any CPU
		{2A40C0BD-918B-1642-76E6-2AB3813E0EA9}.Debug|Any CPU.ActiveCfg = Debug|Any CPU
		{2A40C0BD-918B-1642-76E6-2AB3813E0EA9}.Debug|Any CPU.Build.0 = Debug|Any CPU
		{2A40C0BD-918B-1642-76E6-2AB3813E0EA9}.Release|Any CPU.ActiveCfg = Release|Any CPU
		{2A40C0BD-918B-1642-76E6-2AB3813E0EA9}.Release|Any CPU.Build.0 = Release|Any CPU
		{3C04502C-D36B-6608-5B73-0E51DA43871A}.Debug|Any CPU.ActiveCfg = Debug|Any CPU
		{3C04502C-D36B-6608-5B73-0E51DA43871A}.Debug|Any CPU.Build.0 = Debug|Any CPU
		{3C04502C-D36B-6608-5B73-0E51DA43871A}.Release|Any CPU.ActiveCfg = Release|Any CPU
		{3C04502C-D36B-6608-5B73-0E51DA43871A}.Release|Any CPU.Build.0 = Release|Any CPU
		{BF14B31C-E399-0A2B-C764-8086B354AACC}.Debug|Any CPU.ActiveCfg = Debug|Any CPU
		{BF14B31C-E399-0A2B-C764-8086B354AACC}.Debug|Any CPU.Build.0 = Debug|Any CPU
		{BF14B31C-E399-0A2B-C764-8086B354AACC}.Release|Any CPU.ActiveCfg = Release|Any CPU
		{BF14B31C-E399-0A2B-C764-8086B354AACC}.Release|Any CPU.Build.0 = Release|Any CPU
		{54B3F21E-D82B-B515-FEFD-D558412E3745}.Debug|Any CPU.ActiveCfg = Debug|Any CPU
		{54B3F21E-D82B-B515-FEFD-D558412E3745}.Debug|Any CPU.Build.0 = Debug|Any CPU
		{54B3F21E-D82B-B515-FEFD-D558412E3745}.Release|Any CPU.ActiveCfg = Release|Any CPU
		{54B3F21E-D82B-B515-FEFD-D558412E3745}.Release|Any CPU.Build.0 = Release|Any CPU
		{F83D3861-5DE4-5E09-82DF-AF361B2A2281}.Debug|Any CPU.ActiveCfg = Debug|Any CPU
		{F83D3861-5DE4-5E09-82DF-AF361B2A2281}.Debug|Any CPU.Build.0 = Debug|Any CPU
		{F83D3861-5DE4-5E09-82DF-AF361B2A2281}.Release|Any CPU.ActiveCfg = Release|Any CPU
		{F83D3861-5DE4-5E09-82DF-AF361B2A2281}.Release|Any CPU.Build.0 = Release|Any CPU
		{AE277E29-C791-825C-EAE9-98F9AACB9863}.Debug|Any CPU.ActiveCfg = Debug|Any CPU
		{AE277E29-C791-825C-EAE9-98F9AACB9863}.Debug|Any CPU.Build.0 = Debug|Any CPU
		{AE277E29-C791-825C-EAE9-98F9AACB9863}.Release|Any CPU.ActiveCfg = Release|Any CPU
		{AE277E29-C791-825C-EAE9-98F9AACB9863}.Release|Any CPU.Build.0 = Release|Any CPU
		{5697B7BC-AD8B-7C76-24A4-017D6D4A87BB}.Debug|Any CPU.ActiveCfg = Debug|Any CPU
		{5697B7BC-AD8B-7C76-24A4-017D6D4A87BB}.Debug|Any CPU.Build.0 = Debug|Any CPU
		{5697B7BC-AD8B-7C76-24A4-017D6D4A87BB}.Release|Any CPU.ActiveCfg = Release|Any CPU
		{5697B7BC-AD8B-7C76-24A4-017D6D4A87BB}.Release|Any CPU.Build.0 = Release|Any CPU
		{2B1E3346-E709-703F-E55A-D1425AAFC4AB}.Debug|Any CPU.ActiveCfg = Debug|Any CPU
		{2B1E3346-E709-703F-E55A-D1425AAFC4AB}.Debug|Any CPU.Build.0 = Debug|Any CPU
		{2B1E3346-E709-703F-E55A-D1425AAFC4AB}.Release|Any CPU.ActiveCfg = Release|Any CPU
		{2B1E3346-E709-703F-E55A-D1425AAFC4AB}.Release|Any CPU.Build.0 = Release|Any CPU
		{67019628-D719-D4B4-AB9C-629551F31A49}.Debug|Any CPU.ActiveCfg = Debug|Any CPU
		{67019628-D719-D4B4-AB9C-629551F31A49}.Debug|Any CPU.Build.0 = Debug|Any CPU
		{67019628-D719-D4B4-AB9C-629551F31A49}.Release|Any CPU.ActiveCfg = Release|Any CPU
		{67019628-D719-D4B4-AB9C-629551F31A49}.Release|Any CPU.Build.0 = Release|Any CPU
		{C867BCCE-8ACC-36DF-2DF2-E3C1095D4300}.Debug|Any CPU.ActiveCfg = Debug|Any CPU
		{C867BCCE-8ACC-36DF-2DF2-E3C1095D4300}.Debug|Any CPU.Build.0 = Debug|Any CPU
		{C867BCCE-8ACC-36DF-2DF2-E3C1095D4300}.Release|Any CPU.ActiveCfg = Release|Any CPU
		{C867BCCE-8ACC-36DF-2DF2-E3C1095D4300}.Release|Any CPU.Build.0 = Release|Any CPU
		{1788EC26-C6B1-05BA-77AB-8D1F76897949}.Debug|Any CPU.ActiveCfg = Debug|Any CPU
		{1788EC26-C6B1-05BA-77AB-8D1F76897949}.Debug|Any CPU.Build.0 = Debug|Any CPU
		{1788EC26-C6B1-05BA-77AB-8D1F76897949}.Release|Any CPU.ActiveCfg = Release|Any CPU
		{1788EC26-C6B1-05BA-77AB-8D1F76897949}.Release|Any CPU.Build.0 = Release|Any CPU
		{BD6A1341-6A88-94C4-A1AB-0036E25F9A79}.Debug|Any CPU.ActiveCfg = Debug|Any CPU
		{BD6A1341-6A88-94C4-A1AB-0036E25F9A79}.Debug|Any CPU.Build.0 = Debug|Any CPU
		{BD6A1341-6A88-94C4-A1AB-0036E25F9A79}.Release|Any CPU.ActiveCfg = Release|Any CPU
		{BD6A1341-6A88-94C4-A1AB-0036E25F9A79}.Release|Any CPU.Build.0 = Release|Any CPU
		{E8B44000-7A5A-8719-96A9-575E537E241D}.Debug|Any CPU.ActiveCfg = Debug|Any CPU
		{E8B44000-7A5A-8719-96A9-575E537E241D}.Debug|Any CPU.Build.0 = Debug|Any CPU
		{E8B44000-7A5A-8719-96A9-575E537E241D}.Release|Any CPU.ActiveCfg = Release|Any CPU
		{E8B44000-7A5A-8719-96A9-575E537E241D}.Release|Any CPU.Build.0 = Release|Any CPU
		{3DB2FEF9-647B-0D8F-88B6-DECF5610D307}.Debug|Any CPU.ActiveCfg = Debug|Any CPU
		{3DB2FEF9-647B-0D8F-88B6-DECF5610D307}.Debug|Any CPU.Build.0 = Debug|Any CPU
		{3DB2FEF9-647B-0D8F-88B6-DECF5610D307}.Release|Any CPU.ActiveCfg = Release|Any CPU
		{3DB2FEF9-647B-0D8F-88B6-DECF5610D307}.Release|Any CPU.Build.0 = Release|Any CPU
		{4AD6FF3E-EF37-3A05-1B9A-352D2DBA2684}.Debug|Any CPU.ActiveCfg = Debug|Any CPU
		{4AD6FF3E-EF37-3A05-1B9A-352D2DBA2684}.Debug|Any CPU.Build.0 = Debug|Any CPU
		{4AD6FF3E-EF37-3A05-1B9A-352D2DBA2684}.Release|Any CPU.ActiveCfg = Release|Any CPU
		{4AD6FF3E-EF37-3A05-1B9A-352D2DBA2684}.Release|Any CPU.Build.0 = Release|Any CPU
		{DF2B5207-4C61-15F8-C5EC-F1147B100B2E}.Debug|Any CPU.ActiveCfg = Debug|Any CPU
		{DF2B5207-4C61-15F8-C5EC-F1147B100B2E}.Debug|Any CPU.Build.0 = Debug|Any CPU
		{DF2B5207-4C61-15F8-C5EC-F1147B100B2E}.Release|Any CPU.ActiveCfg = Release|Any CPU
		{DF2B5207-4C61-15F8-C5EC-F1147B100B2E}.Release|Any CPU.Build.0 = Release|Any CPU
		{B8D78157-7F47-8D28-35F0-301CB13BF9B2}.Debug|Any CPU.ActiveCfg = Debug|Any CPU
		{B8D78157-7F47-8D28-35F0-301CB13BF9B2}.Debug|Any CPU.Build.0 = Debug|Any CPU
		{B8D78157-7F47-8D28-35F0-301CB13BF9B2}.Release|Any CPU.ActiveCfg = Release|Any CPU
		{B8D78157-7F47-8D28-35F0-301CB13BF9B2}.Release|Any CPU.Build.0 = Release|Any CPU
		{CDE80AD8-984B-6595-B457-554B1963051E}.Debug|Any CPU.ActiveCfg = Debug|Any CPU
		{CDE80AD8-984B-6595-B457-554B1963051E}.Debug|Any CPU.Build.0 = Debug|Any CPU
		{CDE80AD8-984B-6595-B457-554B1963051E}.Release|Any CPU.ActiveCfg = Release|Any CPU
		{CDE80AD8-984B-6595-B457-554B1963051E}.Release|Any CPU.Build.0 = Release|Any CPU
		{2B93A099-EE5E-B7FB-7F9D-EE33E5DC4598}.Debug|Any CPU.ActiveCfg = Debug|Any CPU
		{2B93A099-EE5E-B7FB-7F9D-EE33E5DC4598}.Debug|Any CPU.Build.0 = Debug|Any CPU
		{2B93A099-EE5E-B7FB-7F9D-EE33E5DC4598}.Release|Any CPU.ActiveCfg = Release|Any CPU
		{2B93A099-EE5E-B7FB-7F9D-EE33E5DC4598}.Release|Any CPU.Build.0 = Release|Any CPU
		{5E553BFE-BA9A-B234-A795-0313C5D0B729}.Debug|Any CPU.ActiveCfg = Debug|Any CPU
		{5E553BFE-BA9A-B234-A795-0313C5D0B729}.Debug|Any CPU.Build.0 = Debug|Any CPU
		{5E553BFE-BA9A-B234-A795-0313C5D0B729}.Release|Any CPU.ActiveCfg = Release|Any CPU
		{5E553BFE-BA9A-B234-A795-0313C5D0B729}.Release|Any CPU.Build.0 = Release|Any CPU
		{1B288A77-CCBA-78D4-B119-3D181B27189E}.Debug|Any CPU.ActiveCfg = Debug|Any CPU
		{1B288A77-CCBA-78D4-B119-3D181B27189E}.Debug|Any CPU.Build.0 = Debug|Any CPU
		{1B288A77-CCBA-78D4-B119-3D181B27189E}.Release|Any CPU.ActiveCfg = Release|Any CPU
		{1B288A77-CCBA-78D4-B119-3D181B27189E}.Release|Any CPU.Build.0 = Release|Any CPU
		{86AC9585-6702-6A39-9EA0-9D208049C88C}.Debug|Any CPU.ActiveCfg = Debug|Any CPU
		{86AC9585-6702-6A39-9EA0-9D208049C88C}.Debug|Any CPU.Build.0 = Debug|Any CPU
		{86AC9585-6702-6A39-9EA0-9D208049C88C}.Release|Any CPU.ActiveCfg = Release|Any CPU
		{86AC9585-6702-6A39-9EA0-9D208049C88C}.Release|Any CPU.Build.0 = Release|Any CPU
		{4CAD35A7-D9CA-E4F0-7BF7-25CF284159AF}.Debug|Any CPU.ActiveCfg = Debug|Any CPU
		{4CAD35A7-D9CA-E4F0-7BF7-25CF284159AF}.Debug|Any CPU.Build.0 = Debug|Any CPU
		{4CAD35A7-D9CA-E4F0-7BF7-25CF284159AF}.Release|Any CPU.ActiveCfg = Release|Any CPU
		{4CAD35A7-D9CA-E4F0-7BF7-25CF284159AF}.Release|Any CPU.Build.0 = Release|Any CPU
		{F8817DD0-93A9-E6A7-1EA9-9A973C60D438}.Debug|Any CPU.ActiveCfg = Debug|Any CPU
		{F8817DD0-93A9-E6A7-1EA9-9A973C60D438}.Debug|Any CPU.Build.0 = Debug|Any CPU
		{F8817DD0-93A9-E6A7-1EA9-9A973C60D438}.Release|Any CPU.ActiveCfg = Release|Any CPU
		{F8817DD0-93A9-E6A7-1EA9-9A973C60D438}.Release|Any CPU.Build.0 = Release|Any CPU
		{737AC937-2607-CD63-CBDB-BA504F6122F9}.Debug|Any CPU.ActiveCfg = Debug|Any CPU
		{737AC937-2607-CD63-CBDB-BA504F6122F9}.Debug|Any CPU.Build.0 = Debug|Any CPU
		{737AC937-2607-CD63-CBDB-BA504F6122F9}.Release|Any CPU.ActiveCfg = Release|Any CPU
		{737AC937-2607-CD63-CBDB-BA504F6122F9}.Release|Any CPU.Build.0 = Release|Any CPU
		{8C34BA9C-77A9-034D-A23A-F303D8DC99B9}.Debug|Any CPU.ActiveCfg = Debug|Any CPU
		{8C34BA9C-77A9-034D-A23A-F303D8DC99B9}.Debug|Any CPU.Build.0 = Debug|Any CPU
		{8C34BA9C-77A9-034D-A23A-F303D8DC99B9}.Release|Any CPU.ActiveCfg = Release|Any CPU
		{8C34BA9C-77A9-034D-A23A-F303D8DC99B9}.Release|Any CPU.Build.0 = Release|Any CPU
		{3DDFACDB-992B-53FC-6CFD-CC2F49AEDDAE}.Debug|Any CPU.ActiveCfg = Debug|Any CPU
		{3DDFACDB-992B-53FC-6CFD-CC2F49AEDDAE}.Debug|Any CPU.Build.0 = Debug|Any CPU
		{3DDFACDB-992B-53FC-6CFD-CC2F49AEDDAE}.Release|Any CPU.ActiveCfg = Release|Any CPU
		{3DDFACDB-992B-53FC-6CFD-CC2F49AEDDAE}.Release|Any CPU.Build.0 = Release|Any CPU
		{1BD5DE80-6466-2F79-86AA-76BDF514FD51}.Debug|Any CPU.ActiveCfg = Debug|Any CPU
		{1BD5DE80-6466-2F79-86AA-76BDF514FD51}.Debug|Any CPU.Build.0 = Debug|Any CPU
		{1BD5DE80-6466-2F79-86AA-76BDF514FD51}.Release|Any CPU.ActiveCfg = Release|Any CPU
		{1BD5DE80-6466-2F79-86AA-76BDF514FD51}.Release|Any CPU.Build.0 = Release|Any CPU
		{764091F0-19B8-8D13-EACF-787DA387FEAD}.Debug|Any CPU.ActiveCfg = Debug|Any CPU
		{764091F0-19B8-8D13-EACF-787DA387FEAD}.Debug|Any CPU.Build.0 = Debug|Any CPU
		{764091F0-19B8-8D13-EACF-787DA387FEAD}.Release|Any CPU.ActiveCfg = Release|Any CPU
		{764091F0-19B8-8D13-EACF-787DA387FEAD}.Release|Any CPU.Build.0 = Release|Any CPU
		{59348FD9-6774-3CEF-677D-60473FDC5131}.Debug|Any CPU.ActiveCfg = Debug|Any CPU
		{59348FD9-6774-3CEF-677D-60473FDC5131}.Debug|Any CPU.Build.0 = Debug|Any CPU
		{59348FD9-6774-3CEF-677D-60473FDC5131}.Release|Any CPU.ActiveCfg = Release|Any CPU
		{59348FD9-6774-3CEF-677D-60473FDC5131}.Release|Any CPU.Build.0 = Release|Any CPU
		{DAB4136E-687B-C9A9-B33E-7F7A8C98DA37}.Debug|Any CPU.ActiveCfg = Debug|Any CPU
		{DAB4136E-687B-C9A9-B33E-7F7A8C98DA37}.Debug|Any CPU.Build.0 = Debug|Any CPU
		{DAB4136E-687B-C9A9-B33E-7F7A8C98DA37}.Release|Any CPU.ActiveCfg = Release|Any CPU
		{DAB4136E-687B-C9A9-B33E-7F7A8C98DA37}.Release|Any CPU.Build.0 = Release|Any CPU
		{E667837C-9D3D-8FD0-E3F8-A51B57083914}.Debug|Any CPU.ActiveCfg = Debug|Any CPU
		{E667837C-9D3D-8FD0-E3F8-A51B57083914}.Debug|Any CPU.Build.0 = Debug|Any CPU
		{E667837C-9D3D-8FD0-E3F8-A51B57083914}.Release|Any CPU.ActiveCfg = Release|Any CPU
		{E667837C-9D3D-8FD0-E3F8-A51B57083914}.Release|Any CPU.Build.0 = Release|Any CPU
		{B3A6A9BE-4645-74D9-EE6A-59FD6CE2DE42}.Debug|Any CPU.ActiveCfg = Debug|Any CPU
		{B3A6A9BE-4645-74D9-EE6A-59FD6CE2DE42}.Debug|Any CPU.Build.0 = Debug|Any CPU
		{B3A6A9BE-4645-74D9-EE6A-59FD6CE2DE42}.Release|Any CPU.ActiveCfg = Release|Any CPU
		{B3A6A9BE-4645-74D9-EE6A-59FD6CE2DE42}.Release|Any CPU.Build.0 = Release|Any CPU
		{97B0E9B9-1CD0-FB51-12B9-2B3FA4023303}.Debug|Any CPU.ActiveCfg = Debug|Any CPU
		{97B0E9B9-1CD0-FB51-12B9-2B3FA4023303}.Debug|Any CPU.Build.0 = Debug|Any CPU
		{97B0E9B9-1CD0-FB51-12B9-2B3FA4023303}.Release|Any CPU.ActiveCfg = Release|Any CPU
		{97B0E9B9-1CD0-FB51-12B9-2B3FA4023303}.Release|Any CPU.Build.0 = Release|Any CPU
		{EB25F5FC-07A2-CF2D-B96A-85B31940DD13}.Debug|Any CPU.ActiveCfg = Debug|Any CPU
		{EB25F5FC-07A2-CF2D-B96A-85B31940DD13}.Debug|Any CPU.Build.0 = Debug|Any CPU
		{EB25F5FC-07A2-CF2D-B96A-85B31940DD13}.Release|Any CPU.ActiveCfg = Release|Any CPU
		{EB25F5FC-07A2-CF2D-B96A-85B31940DD13}.Release|Any CPU.Build.0 = Release|Any CPU
		{58339EA4-6053-E581-90C0-075E44D98BFE}.Debug|Any CPU.ActiveCfg = Debug|Any CPU
		{58339EA4-6053-E581-90C0-075E44D98BFE}.Debug|Any CPU.Build.0 = Debug|Any CPU
		{58339EA4-6053-E581-90C0-075E44D98BFE}.Release|Any CPU.ActiveCfg = Release|Any CPU
		{58339EA4-6053-E581-90C0-075E44D98BFE}.Release|Any CPU.Build.0 = Release|Any CPU
		{FB9F4B6C-B905-E267-77D5-A79C3DFB9246}.Debug|Any CPU.ActiveCfg = Debug|Any CPU
		{FB9F4B6C-B905-E267-77D5-A79C3DFB9246}.Debug|Any CPU.Build.0 = Debug|Any CPU
		{FB9F4B6C-B905-E267-77D5-A79C3DFB9246}.Release|Any CPU.ActiveCfg = Release|Any CPU
		{FB9F4B6C-B905-E267-77D5-A79C3DFB9246}.Release|Any CPU.Build.0 = Release|Any CPU
		{AA2065F4-07F9-26F3-AA22-6356BED8EEBD}.Debug|Any CPU.ActiveCfg = Debug|Any CPU
		{AA2065F4-07F9-26F3-AA22-6356BED8EEBD}.Debug|Any CPU.Build.0 = Debug|Any CPU
		{AA2065F4-07F9-26F3-AA22-6356BED8EEBD}.Release|Any CPU.ActiveCfg = Release|Any CPU
		{AA2065F4-07F9-26F3-AA22-6356BED8EEBD}.Release|Any CPU.Build.0 = Release|Any CPU
		{F7EAFA21-4407-03A6-CAF5-B4C8DEBCE2EA}.Debug|Any CPU.ActiveCfg = Debug|Any CPU
		{F7EAFA21-4407-03A6-CAF5-B4C8DEBCE2EA}.Debug|Any CPU.Build.0 = Debug|Any CPU
		{F7EAFA21-4407-03A6-CAF5-B4C8DEBCE2EA}.Release|Any CPU.ActiveCfg = Release|Any CPU
		{F7EAFA21-4407-03A6-CAF5-B4C8DEBCE2EA}.Release|Any CPU.Build.0 = Release|Any CPU
		{48DBCC3B-44B3-090D-BDA9-DD2453C08C81}.Debug|Any CPU.ActiveCfg = Debug|Any CPU
		{48DBCC3B-44B3-090D-BDA9-DD2453C08C81}.Debug|Any CPU.Build.0 = Debug|Any CPU
		{48DBCC3B-44B3-090D-BDA9-DD2453C08C81}.Release|Any CPU.ActiveCfg = Release|Any CPU
		{48DBCC3B-44B3-090D-BDA9-DD2453C08C81}.Release|Any CPU.Build.0 = Release|Any CPU
		{1FEA96C5-D8C1-7813-E2FD-E3381D27157B}.Debug|Any CPU.ActiveCfg = Debug|Any CPU
		{1FEA96C5-D8C1-7813-E2FD-E3381D27157B}.Debug|Any CPU.Build.0 = Debug|Any CPU
		{1FEA96C5-D8C1-7813-E2FD-E3381D27157B}.Release|Any CPU.ActiveCfg = Release|Any CPU
		{1FEA96C5-D8C1-7813-E2FD-E3381D27157B}.Release|Any CPU.Build.0 = Release|Any CPU
		{E09EC463-677D-1C46-5D67-11F3E0B678FB}.Debug|Any CPU.ActiveCfg = Debug|Any CPU
		{E09EC463-677D-1C46-5D67-11F3E0B678FB}.Debug|Any CPU.Build.0 = Debug|Any CPU
		{E09EC463-677D-1C46-5D67-11F3E0B678FB}.Release|Any CPU.ActiveCfg = Release|Any CPU
		{E09EC463-677D-1C46-5D67-11F3E0B678FB}.Release|Any CPU.Build.0 = Release|Any CPU
		{EC71CF1B-8D6C-99DA-E695-F76AE73EA4C5}.Debug|Any CPU.ActiveCfg = Debug|Any CPU
		{EC71CF1B-8D6C-99DA-E695-F76AE73EA4C5}.Debug|Any CPU.Build.0 = Debug|Any CPU
		{EC71CF1B-8D6C-99DA-E695-F76AE73EA4C5}.Release|Any CPU.ActiveCfg = Release|Any CPU
		{EC71CF1B-8D6C-99DA-E695-F76AE73EA4C5}.Release|Any CPU.Build.0 = Release|Any CPU
		{14CDC68C-10A3-DC8B-E061-10486458EC89}.Debug|Any CPU.ActiveCfg = Debug|Any CPU
		{14CDC68C-10A3-DC8B-E061-10486458EC89}.Debug|Any CPU.Build.0 = Debug|Any CPU
		{14CDC68C-10A3-DC8B-E061-10486458EC89}.Release|Any CPU.ActiveCfg = Release|Any CPU
		{14CDC68C-10A3-DC8B-E061-10486458EC89}.Release|Any CPU.Build.0 = Release|Any CPU
		{5AC450DE-8BFC-D59A-BA1E-0F792FE25D95}.Debug|Any CPU.ActiveCfg = Debug|Any CPU
		{5AC450DE-8BFC-D59A-BA1E-0F792FE25D95}.Debug|Any CPU.Build.0 = Debug|Any CPU
		{5AC450DE-8BFC-D59A-BA1E-0F792FE25D95}.Release|Any CPU.ActiveCfg = Release|Any CPU
		{5AC450DE-8BFC-D59A-BA1E-0F792FE25D95}.Release|Any CPU.Build.0 = Release|Any CPU
		{B6BD9D53-3E5D-4AFE-AB6E-BE5C1AE1404F}.Debug|Any CPU.ActiveCfg = Debug|Any CPU
		{B6BD9D53-3E5D-4AFE-AB6E-BE5C1AE1404F}.Debug|Any CPU.Build.0 = Debug|Any CPU
		{B6BD9D53-3E5D-4AFE-AB6E-BE5C1AE1404F}.Release|Any CPU.ActiveCfg = Release|Any CPU
		{B6BD9D53-3E5D-4AFE-AB6E-BE5C1AE1404F}.Release|Any CPU.Build.0 = Release|Any CPU
		{8CA45CD7-6D82-DABF-C831-062F4BF336C6}.Debug|Any CPU.ActiveCfg = Debug|Any CPU
		{8CA45CD7-6D82-DABF-C831-062F4BF336C6}.Debug|Any CPU.Build.0 = Debug|Any CPU
		{8CA45CD7-6D82-DABF-C831-062F4BF336C6}.Release|Any CPU.ActiveCfg = Release|Any CPU
		{8CA45CD7-6D82-DABF-C831-062F4BF336C6}.Release|Any CPU.Build.0 = Release|Any CPU
		{D15A6F1B-B49B-CEDA-6AD5-E9302392235A}.Debug|Any CPU.ActiveCfg = Debug|Any CPU
		{D15A6F1B-B49B-CEDA-6AD5-E9302392235A}.Debug|Any CPU.Build.0 = Debug|Any CPU
		{D15A6F1B-B49B-CEDA-6AD5-E9302392235A}.Release|Any CPU.ActiveCfg = Release|Any CPU
		{D15A6F1B-B49B-CEDA-6AD5-E9302392235A}.Release|Any CPU.Build.0 = Release|Any CPU
	EndGlobalSection
	GlobalSection(SolutionProperties) = preSolution
		HideSolutionNode = FALSE
	EndGlobalSection
EndGlobal
